// !$*UTF8*$!
{
	archiveVersion = 1;
	classes = {
	};
	objectVersion = 55;
	objects = {

/* Begin PBXBuildFile section */
		9671B34E295A0450002056F7 /* AppDelegate.swift in Sources */ = {isa = PBXBuildFile; fileRef = 9671B34D295A0450002056F7 /* AppDelegate.swift */; };
		9671B350295A0450002056F7 /* SceneDelegate.swift in Sources */ = {isa = PBXBuildFile; fileRef = 9671B34F295A0450002056F7 /* SceneDelegate.swift */; };
		9671B355295A0450002056F7 /* Main.storyboard in Resources */ = {isa = PBXBuildFile; fileRef = 9671B353295A0450002056F7 /* Main.storyboard */; };
		9671B357295A0451002056F7 /* Assets.xcassets in Resources */ = {isa = PBXBuildFile; fileRef = 9671B356295A0451002056F7 /* Assets.xcassets */; };
		9671B35A295A0451002056F7 /* LaunchScreen.storyboard in Resources */ = {isa = PBXBuildFile; fileRef = 9671B358295A0451002056F7 /* LaunchScreen.storyboard */; };
		969719D62964E2E6001B77E4 /* RegisterPresenter.swift in Sources */ = {isa = PBXBuildFile; fileRef = 969719D52964E2E6001B77E4 /* RegisterPresenter.swift */; };
		969DE89E295DA38C00BC6758 /* GoogleService-Info.plist in Resources */ = {isa = PBXBuildFile; fileRef = 969DE89D295DA38C00BC6758 /* GoogleService-Info.plist */; };
		969DE8A1295DA3E100BC6758 /* Constants.swift in Sources */ = {isa = PBXBuildFile; fileRef = 969DE8A0295DA3E100BC6758 /* Constants.swift */; };
		969DE8A8295DA43800BC6758 /* UserModel.swift in Sources */ = {isa = PBXBuildFile; fileRef = 969DE8A7295DA43800BC6758 /* UserModel.swift */; };
		969DE8AA295DA45400BC6758 /* UserProvider.swift in Sources */ = {isa = PBXBuildFile; fileRef = 969DE8A9295DA45400BC6758 /* UserProvider.swift */; };
		969DE8AC295DA61B00BC6758 /* UserManager.swift in Sources */ = {isa = PBXBuildFile; fileRef = 969DE8AB295DA61B00BC6758 /* UserManager.swift */; };
		969DE8AE295DA64500BC6758 /* UserBusiness.swift in Sources */ = {isa = PBXBuildFile; fileRef = 969DE8AD295DA64500BC6758 /* UserBusiness.swift */; };
		969DE8B1295DA6B800BC6758 /* RegisterViewController.swift in Sources */ = {isa = PBXBuildFile; fileRef = 969DE8B0295DA6B800BC6758 /* RegisterViewController.swift */; };
		969DE8B3295DA6E200BC6758 /* HomeViewController.swift in Sources */ = {isa = PBXBuildFile; fileRef = 969DE8B2295DA6E200BC6758 /* HomeViewController.swift */; };
		969DE8B5295DA6FD00BC6758 /* LoginViewController.swift in Sources */ = {isa = PBXBuildFile; fileRef = 969DE8B4295DA6FD00BC6758 /* LoginViewController.swift */; };
		96F1F3792964923300CF30A8 /* LoginPresenter.swift in Sources */ = {isa = PBXBuildFile; fileRef = 96F1F3782964923300CF30A8 /* LoginPresenter.swift */; };
		B26FB823D39FCCF6934AA14A /* Pods_SwiftArquiteturasBackFront.framework in Frameworks */ = {isa = PBXBuildFile; fileRef = 08979490BEAA43038D535149 /* Pods_SwiftArquiteturasBackFront.framework */; };
/* End PBXBuildFile section */

/* Begin PBXFileReference section */
		08979490BEAA43038D535149 /* Pods_SwiftArquiteturasBackFront.framework */ = {isa = PBXFileReference; explicitFileType = wrapper.framework; includeInIndex = 0; path = Pods_SwiftArquiteturasBackFront.framework; sourceTree = BUILT_PRODUCTS_DIR; };
		18AAF3AF81BB7C7A6F1C688B /* Pods-SwiftArquiteturasBackFront.release.xcconfig */ = {isa = PBXFileReference; includeInIndex = 1; lastKnownFileType = text.xcconfig; name = "Pods-SwiftArquiteturasBackFront.release.xcconfig"; path = "Target Support Files/Pods-SwiftArquiteturasBackFront/Pods-SwiftArquiteturasBackFront.release.xcconfig"; sourceTree = "<group>"; };
		7E54F207B571F93D17C8F0B8 /* Pods-SwiftArquiteturasBackFront.debug.xcconfig */ = {isa = PBXFileReference; includeInIndex = 1; lastKnownFileType = text.xcconfig; name = "Pods-SwiftArquiteturasBackFront.debug.xcconfig"; path = "Target Support Files/Pods-SwiftArquiteturasBackFront/Pods-SwiftArquiteturasBackFront.debug.xcconfig"; sourceTree = "<group>"; };
		9671B34A295A0450002056F7 /* SwiftArquiteturasBackFront.app */ = {isa = PBXFileReference; explicitFileType = wrapper.application; includeInIndex = 0; path = SwiftArquiteturasBackFront.app; sourceTree = BUILT_PRODUCTS_DIR; };
		9671B34D295A0450002056F7 /* AppDelegate.swift */ = {isa = PBXFileReference; lastKnownFileType = sourcecode.swift; path = AppDelegate.swift; sourceTree = "<group>"; };
		9671B34F295A0450002056F7 /* SceneDelegate.swift */ = {isa = PBXFileReference; lastKnownFileType = sourcecode.swift; path = SceneDelegate.swift; sourceTree = "<group>"; };
		9671B354295A0450002056F7 /* Base */ = {isa = PBXFileReference; lastKnownFileType = file.storyboard; name = Base; path = Base.lproj/Main.storyboard; sourceTree = "<group>"; };
		9671B356295A0451002056F7 /* Assets.xcassets */ = {isa = PBXFileReference; lastKnownFileType = folder.assetcatalog; path = Assets.xcassets; sourceTree = "<group>"; };
		9671B359295A0451002056F7 /* Base */ = {isa = PBXFileReference; lastKnownFileType = file.storyboard; name = Base; path = Base.lproj/LaunchScreen.storyboard; sourceTree = "<group>"; };
		9671B35B295A0451002056F7 /* Info.plist */ = {isa = PBXFileReference; lastKnownFileType = text.plist.xml; path = Info.plist; sourceTree = "<group>"; };
		969719D52964E2E6001B77E4 /* RegisterPresenter.swift */ = {isa = PBXFileReference; lastKnownFileType = sourcecode.swift; path = RegisterPresenter.swift; sourceTree = "<group>"; };
		969DE89D295DA38C00BC6758 /* GoogleService-Info.plist */ = {isa = PBXFileReference; fileEncoding = 4; lastKnownFileType = text.plist.xml; path = "GoogleService-Info.plist"; sourceTree = "<group>"; };
		969DE8A0295DA3E100BC6758 /* Constants.swift */ = {isa = PBXFileReference; lastKnownFileType = sourcecode.swift; path = Constants.swift; sourceTree = "<group>"; };
		969DE8A7295DA43800BC6758 /* UserModel.swift */ = {isa = PBXFileReference; lastKnownFileType = sourcecode.swift; path = UserModel.swift; sourceTree = "<group>"; };
		969DE8A9295DA45400BC6758 /* UserProvider.swift */ = {isa = PBXFileReference; lastKnownFileType = sourcecode.swift; path = UserProvider.swift; sourceTree = "<group>"; };
		969DE8AB295DA61B00BC6758 /* UserManager.swift */ = {isa = PBXFileReference; lastKnownFileType = sourcecode.swift; path = UserManager.swift; sourceTree = "<group>"; };
		969DE8AD295DA64500BC6758 /* UserBusiness.swift */ = {isa = PBXFileReference; lastKnownFileType = sourcecode.swift; path = UserBusiness.swift; sourceTree = "<group>"; };
		969DE8B0295DA6B800BC6758 /* RegisterViewController.swift */ = {isa = PBXFileReference; lastKnownFileType = sourcecode.swift; path = RegisterViewController.swift; sourceTree = "<group>"; };
		969DE8B2295DA6E200BC6758 /* HomeViewController.swift */ = {isa = PBXFileReference; lastKnownFileType = sourcecode.swift; path = HomeViewController.swift; sourceTree = "<group>"; };
		969DE8B4295DA6FD00BC6758 /* LoginViewController.swift */ = {isa = PBXFileReference; lastKnownFileType = sourcecode.swift; path = LoginViewController.swift; sourceTree = "<group>"; };
		96F1F3782964923300CF30A8 /* LoginPresenter.swift */ = {isa = PBXFileReference; lastKnownFileType = sourcecode.swift; path = LoginPresenter.swift; sourceTree = "<group>"; };
/* End PBXFileReference section */

/* Begin PBXFrameworksBuildPhase section */
		9671B347295A0450002056F7 /* Frameworks */ = {
			isa = PBXFrameworksBuildPhase;
			buildActionMask = 2147483647;
			files = (
				B26FB823D39FCCF6934AA14A /* Pods_SwiftArquiteturasBackFront.framework in Frameworks */,
			);
			runOnlyForDeploymentPostprocessing = 0;
		};
/* End PBXFrameworksBuildPhase section */

/* Begin PBXGroup section */
		64BB9E06033D39AF2F8E92B3 /* Frameworks */ = {
			isa = PBXGroup;
			children = (
				08979490BEAA43038D535149 /* Pods_SwiftArquiteturasBackFront.framework */,
			);
			name = Frameworks;
			sourceTree = "<group>";
		};
		9671B341295A0450002056F7 = {
			isa = PBXGroup;
			children = (
				9671B34C295A0450002056F7 /* SwiftArquiteturasBackFront */,
				9671B34B295A0450002056F7 /* Products */,
				ACC32EE8DA8F102C506D8912 /* Pods */,
				64BB9E06033D39AF2F8E92B3 /* Frameworks */,
			);
			sourceTree = "<group>";
		};
		9671B34B295A0450002056F7 /* Products */ = {
			isa = PBXGroup;
			children = (
				9671B34A295A0450002056F7 /* SwiftArquiteturasBackFront.app */,
			);
			name = Products;
			sourceTree = "<group>";
		};
		9671B34C295A0450002056F7 /* SwiftArquiteturasBackFront */ = {
			isa = PBXGroup;
			children = (
				969DE8B7295DA9AF00BC6758 /* Source */,
				969DE8B6295DA72300BC6758 /* Delegate */,
				969DE8AF295DA69D00BC6758 /* Controllers */,
				969DE8A2295DA3F000BC6758 /* API */,
				969DE89F295DA3CA00BC6758 /* Infrastructure */,
				9671B35B295A0451002056F7 /* Info.plist */,
				969DE89D295DA38C00BC6758 /* GoogleService-Info.plist */,
			);
			path = SwiftArquiteturasBackFront;
			sourceTree = "<group>";
		};
		969DE89F295DA3CA00BC6758 /* Infrastructure */ = {
			isa = PBXGroup;
			children = (
				969DE8A0295DA3E100BC6758 /* Constants.swift */,
			);
			path = Infrastructure;
			sourceTree = "<group>";
		};
		969DE8A2295DA3F000BC6758 /* API */ = {
			isa = PBXGroup;
			children = (
				969DE8A3295DA3FC00BC6758 /* Model */,
				969DE8A5295DA41C00BC6758 /* Manager */,
				969DE8A4295DA41300BC6758 /* Provider */,
				969DE8A6295DA42200BC6758 /* Business */,
			);
			path = API;
			sourceTree = "<group>";
		};
		969DE8A3295DA3FC00BC6758 /* Model */ = {
			isa = PBXGroup;
			children = (
				969DE8A7295DA43800BC6758 /* UserModel.swift */,
			);
			path = Model;
			sourceTree = "<group>";
		};
		969DE8A4295DA41300BC6758 /* Provider */ = {
			isa = PBXGroup;
			children = (
				969DE8A9295DA45400BC6758 /* UserProvider.swift */,
			);
			path = Provider;
			sourceTree = "<group>";
		};
		969DE8A5295DA41C00BC6758 /* Manager */ = {
			isa = PBXGroup;
			children = (
				969DE8AB295DA61B00BC6758 /* UserManager.swift */,
			);
			path = Manager;
			sourceTree = "<group>";
		};
		969DE8A6295DA42200BC6758 /* Business */ = {
			isa = PBXGroup;
			children = (
				969DE8AD295DA64500BC6758 /* UserBusiness.swift */,
			);
			path = Business;
			sourceTree = "<group>";
		};
		969DE8AF295DA69D00BC6758 /* Controllers */ = {
			isa = PBXGroup;
			children = (
				969DE8B2295DA6E200BC6758 /* HomeViewController.swift */,
				96F1F37729648D0A00CF30A8 /* Register */,
				96F1F37629648D0100CF30A8 /* Login */,
			);
			path = Controllers;
			sourceTree = "<group>";
		};
		969DE8B6295DA72300BC6758 /* Delegate */ = {
			isa = PBXGroup;
			children = (
				9671B34D295A0450002056F7 /* AppDelegate.swift */,
				9671B34F295A0450002056F7 /* SceneDelegate.swift */,
			);
			path = Delegate;
			sourceTree = "<group>";
		};
		969DE8B7295DA9AF00BC6758 /* Source */ = {
			isa = PBXGroup;
			children = (
				9671B358295A0451002056F7 /* LaunchScreen.storyboard */,
				9671B356295A0451002056F7 /* Assets.xcassets */,
				9671B353295A0450002056F7 /* Main.storyboard */,
			);
			path = Source;
			sourceTree = "<group>";
		};
		96F1F37629648D0100CF30A8 /* Login */ = {
			isa = PBXGroup;
			children = (
				969DE8B4295DA6FD00BC6758 /* LoginViewController.swift */,
				96F1F3782964923300CF30A8 /* LoginPresenter.swift */,
			);
			path = Login;
			sourceTree = "<group>";
		};
		96F1F37729648D0A00CF30A8 /* Register */ = {
			isa = PBXGroup;
			children = (
				969DE8B0295DA6B800BC6758 /* RegisterViewController.swift */,
				969719D52964E2E6001B77E4 /* RegisterPresenter.swift */,
			);
			path = Register;
			sourceTree = "<group>";
		};
		ACC32EE8DA8F102C506D8912 /* Pods */ = {
			isa = PBXGroup;
			children = (
				7E54F207B571F93D17C8F0B8 /* Pods-SwiftArquiteturasBackFront.debug.xcconfig */,
				18AAF3AF81BB7C7A6F1C688B /* Pods-SwiftArquiteturasBackFront.release.xcconfig */,
			);
			path = Pods;
			sourceTree = "<group>";
		};
/* End PBXGroup section */

/* Begin PBXNativeTarget section */
		9671B349295A0450002056F7 /* SwiftArquiteturasBackFront */ = {
			isa = PBXNativeTarget;
			buildConfigurationList = 9671B35E295A0451002056F7 /* Build configuration list for PBXNativeTarget "SwiftArquiteturasBackFront" */;
			buildPhases = (
				02441F414E3A751EA1D4B8A0 /* [CP] Check Pods Manifest.lock */,
				9671B346295A0450002056F7 /* Sources */,
				9671B347295A0450002056F7 /* Frameworks */,
				9671B348295A0450002056F7 /* Resources */,
				C3ACAD7973D3EAAF91FB8C02 /* [CP] Embed Pods Frameworks */,
			);
			buildRules = (
			);
			dependencies = (
			);
			name = SwiftArquiteturasBackFront;
			productName = SwiftArquiteturasBackFront;
			productReference = 9671B34A295A0450002056F7 /* SwiftArquiteturasBackFront.app */;
			productType = "com.apple.product-type.application";
		};
/* End PBXNativeTarget section */

/* Begin PBXProject section */
		9671B342295A0450002056F7 /* Project object */ = {
			isa = PBXProject;
			attributes = {
				BuildIndependentTargetsInParallel = 1;
				LastSwiftUpdateCheck = 1340;
				LastUpgradeCheck = 1340;
				TargetAttributes = {
					9671B349295A0450002056F7 = {
						CreatedOnToolsVersion = 13.4.1;
					};
				};
			};
			buildConfigurationList = 9671B345295A0450002056F7 /* Build configuration list for PBXProject "SwiftArquiteturasBackFront" */;
			compatibilityVersion = "Xcode 13.0";
			developmentRegion = en;
			hasScannedForEncodings = 0;
			knownRegions = (
				en,
				Base,
			);
			mainGroup = 9671B341295A0450002056F7;
			productRefGroup = 9671B34B295A0450002056F7 /* Products */;
			projectDirPath = "";
			projectRoot = "";
			targets = (
				9671B349295A0450002056F7 /* SwiftArquiteturasBackFront */,
			);
		};
/* End PBXProject section */

/* Begin PBXResourcesBuildPhase section */
		9671B348295A0450002056F7 /* Resources */ = {
			isa = PBXResourcesBuildPhase;
			buildActionMask = 2147483647;
			files = (
				9671B35A295A0451002056F7 /* LaunchScreen.storyboard in Resources */,
				9671B357295A0451002056F7 /* Assets.xcassets in Resources */,
				9671B355295A0450002056F7 /* Main.storyboard in Resources */,
				969DE89E295DA38C00BC6758 /* GoogleService-Info.plist in Resources */,
			);
			runOnlyForDeploymentPostprocessing = 0;
		};
/* End PBXResourcesBuildPhase section */

/* Begin PBXShellScriptBuildPhase section */
		02441F414E3A751EA1D4B8A0 /* [CP] Check Pods Manifest.lock */ = {
			isa = PBXShellScriptBuildPhase;
			buildActionMask = 2147483647;
			files = (
			);
			inputFileListPaths = (
			);
			inputPaths = (
				"${PODS_PODFILE_DIR_PATH}/Podfile.lock",
				"${PODS_ROOT}/Manifest.lock",
			);
			name = "[CP] Check Pods Manifest.lock";
			outputFileListPaths = (
			);
			outputPaths = (
				"$(DERIVED_FILE_DIR)/Pods-SwiftArquiteturasBackFront-checkManifestLockResult.txt",
			);
			runOnlyForDeploymentPostprocessing = 0;
			shellPath = /bin/sh;
			shellScript = "diff \"${PODS_PODFILE_DIR_PATH}/Podfile.lock\" \"${PODS_ROOT}/Manifest.lock\" > /dev/null\nif [ $? != 0 ] ; then\n    # print error to STDERR\n    echo \"error: The sandbox is not in sync with the Podfile.lock. Run 'pod install' or update your CocoaPods installation.\" >&2\n    exit 1\nfi\n# This output is used by Xcode 'outputs' to avoid re-running this script phase.\necho \"SUCCESS\" > \"${SCRIPT_OUTPUT_FILE_0}\"\n";
			showEnvVarsInLog = 0;
		};
		C3ACAD7973D3EAAF91FB8C02 /* [CP] Embed Pods Frameworks */ = {
			isa = PBXShellScriptBuildPhase;
			buildActionMask = 2147483647;
			files = (
			);
			inputFileListPaths = (
				"${PODS_ROOT}/Target Support Files/Pods-SwiftArquiteturasBackFront/Pods-SwiftArquiteturasBackFront-frameworks-${CONFIGURATION}-input-files.xcfilelist",
			);
			name = "[CP] Embed Pods Frameworks";
			outputFileListPaths = (
				"${PODS_ROOT}/Target Support Files/Pods-SwiftArquiteturasBackFront/Pods-SwiftArquiteturasBackFront-frameworks-${CONFIGURATION}-output-files.xcfilelist",
			);
			runOnlyForDeploymentPostprocessing = 0;
			shellPath = /bin/sh;
			shellScript = "\"${PODS_ROOT}/Target Support Files/Pods-SwiftArquiteturasBackFront/Pods-SwiftArquiteturasBackFront-frameworks.sh\"\n";
			showEnvVarsInLog = 0;
		};
/* End PBXShellScriptBuildPhase section */

/* Begin PBXSourcesBuildPhase section */
		9671B346295A0450002056F7 /* Sources */ = {
			isa = PBXSourcesBuildPhase;
			buildActionMask = 2147483647;
			files = (
				969DE8B1295DA6B800BC6758 /* RegisterViewController.swift in Sources */,
				969DE8AE295DA64500BC6758 /* UserBusiness.swift in Sources */,
				969DE8AA295DA45400BC6758 /* UserProvider.swift in Sources */,
				969DE8AC295DA61B00BC6758 /* UserManager.swift in Sources */,
				96F1F3792964923300CF30A8 /* LoginPresenter.swift in Sources */,
				969DE8B3295DA6E200BC6758 /* HomeViewController.swift in Sources */,
				9671B34E295A0450002056F7 /* AppDelegate.swift in Sources */,
				969719D62964E2E6001B77E4 /* RegisterPresenter.swift in Sources */,
				9671B350295A0450002056F7 /* SceneDelegate.swift in Sources */,
				969DE8A8295DA43800BC6758 /* UserModel.swift in Sources */,
				969DE8A1295DA3E100BC6758 /* Constants.swift in Sources */,
				969DE8B5295DA6FD00BC6758 /* LoginViewController.swift in Sources */,
			);
			runOnlyForDeploymentPostprocessing = 0;
		};
/* End PBXSourcesBuildPhase section */

/* Begin PBXVariantGroup section */
		9671B353295A0450002056F7 /* Main.storyboard */ = {
			isa = PBXVariantGroup;
			children = (
				9671B354295A0450002056F7 /* Base */,
			);
			name = Main.storyboard;
			sourceTree = "<group>";
		};
		9671B358295A0451002056F7 /* LaunchScreen.storyboard */ = {
			isa = PBXVariantGroup;
			children = (
				9671B359295A0451002056F7 /* Base */,
			);
			name = LaunchScreen.storyboard;
			sourceTree = "<group>";
		};
/* End PBXVariantGroup section */

/* Begin XCBuildConfiguration section */
		9671B35C295A0451002056F7 /* Debug */ = {
			isa = XCBuildConfiguration;
			buildSettings = {
				ALWAYS_SEARCH_USER_PATHS = NO;
				CLANG_ANALYZER_NONNULL = YES;
				CLANG_ANALYZER_NUMBER_OBJECT_CONVERSION = YES_AGGRESSIVE;
				CLANG_CXX_LANGUAGE_STANDARD = "gnu++17";
				CLANG_ENABLE_MODULES = YES;
				CLANG_ENABLE_OBJC_ARC = YES;
				CLANG_ENABLE_OBJC_WEAK = YES;
				CLANG_WARN_BLOCK_CAPTURE_AUTORELEASING = YES;
				CLANG_WARN_BOOL_CONVERSION = YES;
				CLANG_WARN_COMMA = YES;
				CLANG_WARN_CONSTANT_CONVERSION = YES;
				CLANG_WARN_DEPRECATED_OBJC_IMPLEMENTATIONS = YES;
				CLANG_WARN_DIRECT_OBJC_ISA_USAGE = YES_ERROR;
				CLANG_WARN_DOCUMENTATION_COMMENTS = YES;
				CLANG_WARN_EMPTY_BODY = YES;
				CLANG_WARN_ENUM_CONVERSION = YES;
				CLANG_WARN_INFINITE_RECURSION = YES;
				CLANG_WARN_INT_CONVERSION = YES;
				CLANG_WARN_NON_LITERAL_NULL_CONVERSION = YES;
				CLANG_WARN_OBJC_IMPLICIT_RETAIN_SELF = YES;
				CLANG_WARN_OBJC_LITERAL_CONVERSION = YES;
				CLANG_WARN_OBJC_ROOT_CLASS = YES_ERROR;
				CLANG_WARN_QUOTED_INCLUDE_IN_FRAMEWORK_HEADER = YES;
				CLANG_WARN_RANGE_LOOP_ANALYSIS = YES;
				CLANG_WARN_STRICT_PROTOTYPES = YES;
				CLANG_WARN_SUSPICIOUS_MOVE = YES;
				CLANG_WARN_UNGUARDED_AVAILABILITY = YES_AGGRESSIVE;
				CLANG_WARN_UNREACHABLE_CODE = YES;
				CLANG_WARN__DUPLICATE_METHOD_MATCH = YES;
				COPY_PHASE_STRIP = NO;
				DEBUG_INFORMATION_FORMAT = dwarf;
				ENABLE_STRICT_OBJC_MSGSEND = YES;
				ENABLE_TESTABILITY = YES;
				GCC_C_LANGUAGE_STANDARD = gnu11;
				GCC_DYNAMIC_NO_PIC = NO;
				GCC_NO_COMMON_BLOCKS = YES;
				GCC_OPTIMIZATION_LEVEL = 0;
				GCC_PREPROCESSOR_DEFINITIONS = (
					"DEBUG=1",
					"$(inherited)",
				);
				GCC_WARN_64_TO_32_BIT_CONVERSION = YES;
				GCC_WARN_ABOUT_RETURN_TYPE = YES_ERROR;
				GCC_WARN_UNDECLARED_SELECTOR = YES;
				GCC_WARN_UNINITIALIZED_AUTOS = YES_AGGRESSIVE;
				GCC_WARN_UNUSED_FUNCTION = YES;
				GCC_WARN_UNUSED_VARIABLE = YES;
				IPHONEOS_DEPLOYMENT_TARGET = 15.5;
				MTL_ENABLE_DEBUG_INFO = INCLUDE_SOURCE;
				MTL_FAST_MATH = YES;
				ONLY_ACTIVE_ARCH = YES;
				SDKROOT = iphoneos;
				SWIFT_ACTIVE_COMPILATION_CONDITIONS = DEBUG;
				SWIFT_OPTIMIZATION_LEVEL = "-Onone";
			};
			name = Debug;
		};
		9671B35D295A0451002056F7 /* Release */ = {
			isa = XCBuildConfiguration;
			buildSettings = {
				ALWAYS_SEARCH_USER_PATHS = NO;
				CLANG_ANALYZER_NONNULL = YES;
				CLANG_ANALYZER_NUMBER_OBJECT_CONVERSION = YES_AGGRESSIVE;
				CLANG_CXX_LANGUAGE_STANDARD = "gnu++17";
				CLANG_ENABLE_MODULES = YES;
				CLANG_ENABLE_OBJC_ARC = YES;
				CLANG_ENABLE_OBJC_WEAK = YES;
				CLANG_WARN_BLOCK_CAPTURE_AUTORELEASING = YES;
				CLANG_WARN_BOOL_CONVERSION = YES;
				CLANG_WARN_COMMA = YES;
				CLANG_WARN_CONSTANT_CONVERSION = YES;
				CLANG_WARN_DEPRECATED_OBJC_IMPLEMENTATIONS = YES;
				CLANG_WARN_DIRECT_OBJC_ISA_USAGE = YES_ERROR;
				CLANG_WARN_DOCUMENTATION_COMMENTS = YES;
				CLANG_WARN_EMPTY_BODY = YES;
				CLANG_WARN_ENUM_CONVERSION = YES;
				CLANG_WARN_INFINITE_RECURSION = YES;
				CLANG_WARN_INT_CONVERSION = YES;
				CLANG_WARN_NON_LITERAL_NULL_CONVERSION = YES;
				CLANG_WARN_OBJC_IMPLICIT_RETAIN_SELF = YES;
				CLANG_WARN_OBJC_LITERAL_CONVERSION = YES;
				CLANG_WARN_OBJC_ROOT_CLASS = YES_ERROR;
				CLANG_WARN_QUOTED_INCLUDE_IN_FRAMEWORK_HEADER = YES;
				CLANG_WARN_RANGE_LOOP_ANALYSIS = YES;
				CLANG_WARN_STRICT_PROTOTYPES = YES;
				CLANG_WARN_SUSPICIOUS_MOVE = YES;
				CLANG_WARN_UNGUARDED_AVAILABILITY = YES_AGGRESSIVE;
				CLANG_WARN_UNREACHABLE_CODE = YES;
				CLANG_WARN__DUPLICATE_METHOD_MATCH = YES;
				COPY_PHASE_STRIP = NO;
				DEBUG_INFORMATION_FORMAT = "dwarf-with-dsym";
				ENABLE_NS_ASSERTIONS = NO;
				ENABLE_STRICT_OBJC_MSGSEND = YES;
				GCC_C_LANGUAGE_STANDARD = gnu11;
				GCC_NO_COMMON_BLOCKS = YES;
				GCC_WARN_64_TO_32_BIT_CONVERSION = YES;
				GCC_WARN_ABOUT_RETURN_TYPE = YES_ERROR;
				GCC_WARN_UNDECLARED_SELECTOR = YES;
				GCC_WARN_UNINITIALIZED_AUTOS = YES_AGGRESSIVE;
				GCC_WARN_UNUSED_FUNCTION = YES;
				GCC_WARN_UNUSED_VARIABLE = YES;
				IPHONEOS_DEPLOYMENT_TARGET = 15.5;
				MTL_ENABLE_DEBUG_INFO = NO;
				MTL_FAST_MATH = YES;
				SDKROOT = iphoneos;
				SWIFT_COMPILATION_MODE = wholemodule;
				SWIFT_OPTIMIZATION_LEVEL = "-O";
				VALIDATE_PRODUCT = YES;
			};
			name = Release;
		};
		9671B35F295A0451002056F7 /* Debug */ = {
			isa = XCBuildConfiguration;
			baseConfigurationReference = 7E54F207B571F93D17C8F0B8 /* Pods-SwiftArquiteturasBackFront.debug.xcconfig */;
			buildSettings = {
				ASSETCATALOG_COMPILER_APPICON_NAME = AppIcon;
				ASSETCATALOG_COMPILER_GLOBAL_ACCENT_COLOR_NAME = AccentColor;
				CODE_SIGN_STYLE = Automatic;
				CURRENT_PROJECT_VERSION = 1;
				DEVELOPMENT_TEAM = N7W6HJZX49;
				GENERATE_INFOPLIST_FILE = YES;
				INFOPLIST_FILE = SwiftArquiteturasBackFront/Info.plist;
				INFOPLIST_KEY_UIApplicationSupportsIndirectInputEvents = YES;
				INFOPLIST_KEY_UILaunchStoryboardName = LaunchScreen;
				INFOPLIST_KEY_UIMainStoryboardFile = Main;
				INFOPLIST_KEY_UISupportedInterfaceOrientations_iPad = "UIInterfaceOrientationPortrait UIInterfaceOrientationPortraitUpsideDown UIInterfaceOrientationLandscapeLeft UIInterfaceOrientationLandscapeRight";
				INFOPLIST_KEY_UISupportedInterfaceOrientations_iPhone = "UIInterfaceOrientationPortrait UIInterfaceOrientationLandscapeLeft UIInterfaceOrientationLandscapeRight";
				LD_RUNPATH_SEARCH_PATHS = (
					"$(inherited)",
					"@executable_path/Frameworks",
				);
				MARKETING_VERSION = 1.0;
				PRODUCT_BUNDLE_IDENTIFIER = com.kauekaj.SwiftArquiteturas;
				PRODUCT_NAME = "$(TARGET_NAME)";
				SWIFT_EMIT_LOC_STRINGS = YES;
				SWIFT_VERSION = 5.0;
				TARGETED_DEVICE_FAMILY = 1;
			};
			name = Debug;
		};
		9671B360295A0451002056F7 /* Release */ = {
			isa = XCBuildConfiguration;
			baseConfigurationReference = 18AAF3AF81BB7C7A6F1C688B /* Pods-SwiftArquiteturasBackFront.release.xcconfig */;
			buildSettings = {
				ASSETCATALOG_COMPILER_APPICON_NAME = AppIcon;
				ASSETCATALOG_COMPILER_GLOBAL_ACCENT_COLOR_NAME = AccentColor;
				CODE_SIGN_STYLE = Automatic;
				CURRENT_PROJECT_VERSION = 1;
				DEVELOPMENT_TEAM = N7W6HJZX49;
				GENERATE_INFOPLIST_FILE = YES;
				INFOPLIST_FILE = SwiftArquiteturasBackFront/Info.plist;
				INFOPLIST_KEY_UIApplicationSupportsIndirectInputEvents = YES;
				INFOPLIST_KEY_UILaunchStoryboardName = LaunchScreen;
				INFOPLIST_KEY_UIMainStoryboardFile = Main;
				INFOPLIST_KEY_UISupportedInterfaceOrientations_iPad = "UIInterfaceOrientationPortrait UIInterfaceOrientationPortraitUpsideDown UIInterfaceOrientationLandscapeLeft UIInterfaceOrientationLandscapeRight";
				INFOPLIST_KEY_UISupportedInterfaceOrientations_iPhone = "UIInterfaceOrientationPortrait UIInterfaceOrientationLandscapeLeft UIInterfaceOrientationLandscapeRight";
				LD_RUNPATH_SEARCH_PATHS = (
					"$(inherited)",
					"@executable_path/Frameworks",
				);
				MARKETING_VERSION = 1.0;
				PRODUCT_BUNDLE_IDENTIFIER = com.kauekaj.SwiftArquiteturas;
				PRODUCT_NAME = "$(TARGET_NAME)";
				SWIFT_EMIT_LOC_STRINGS = YES;
				SWIFT_VERSION = 5.0;
				TARGETED_DEVICE_FAMILY = 1;
			};
			name = Release;
		};
/* End XCBuildConfiguration section */

/* Begin XCConfigurationList section */
		9671B345295A0450002056F7 /* Build configuration list for PBXProject "SwiftArquiteturasBackFront" */ = {
			isa = XCConfigurationList;
			buildConfigurations = (
				9671B35C295A0451002056F7 /* Debug */,
				9671B35D295A0451002056F7 /* Release */,
			);
			defaultConfigurationIsVisible = 0;
			defaultConfigurationName = Release;
		};
		9671B35E295A0451002056F7 /* Build configuration list for PBXNativeTarget "SwiftArquiteturasBackFront" */ = {
			isa = XCConfigurationList;
			buildConfigurations = (
				9671B35F295A0451002056F7 /* Debug */,
				9671B360295A0451002056F7 /* Release */,
			);
			defaultConfigurationIsVisible = 0;
			defaultConfigurationName = Release;
		};
/* End XCConfigurationList section */
	};
	rootObject = 9671B342295A0450002056F7 /* Project object */;
}
